{
  "name": "cheerup",
  "version": "1.0.0",
  "lockfileVersion": 1,
  "requires": true,
  "dependencies": {
    "commander": {
      "version": "2.20.0",
      "resolved": "http://localhost:4873/commander/-/commander-2.20.0.tgz",
      "integrity": "sha1-1YuytcHuj4ew00ACfp6U4iLFpCI="
    },
    "knuth-shuffle-seeded": {
      "version": "1.0.6",
      "resolved": "http://localhost:4873/knuth-shuffle-seeded/-/knuth-shuffle-seeded-1.0.6.tgz",
      "integrity": "sha1-AfG2VzOqdUDuCNiwF0Fk0iCB5OE=",
      "requires": {
        "seed-random": "~2.2.0"
      }
    },
    "seed-random": {
      "version": "2.2.0",
      "resolved": "http://localhost:4873/seed-random/-/seed-random-2.2.0.tgz",
      "integrity": "sha1-KpsZ4lCoFwmSMaW5mk2vgLf77VQ="
    }
  }
}
